
Microsoft Visual Studio Solution File, Format Version 12.00
# Visual Studio Version 16
VisualStudioVersion = 16.0.29209.62
MinimumVisualStudioVersion = 10.0.40219.1
Project("{FAE04EC0-301F-11D3-BF4B-00C04F79EFBC}") = "CloudStreamForms.UWP", "CloudStreamForms\CloudStreamForms.UWP\CloudStreamForms.UWP.csproj", "{3EE6A459-4861-4BD2-8BD7-406D1B8A1556}"
EndProject
Project("{FAE04EC0-301F-11D3-BF4B-00C04F79EFBC}") = "CloudStreamForms.Android", "CloudStreamForms\CloudStreamForms.Android\CloudStreamForms.Android.csproj", "{55AA8F8E-69F0-4C09-AE12-08CC456F116B}"
EndProject
Project("{FAE04EC0-301F-11D3-BF4B-00C04F79EFBC}") = "CloudStreamForms.iOS", "CloudStreamForms\CloudStreamForms.iOS\CloudStreamForms.iOS.csproj", "{3BE89311-423C-44B9-84E4-4479679EAE67}"
EndProject
Project("{9A19103F-16F7-4668-BE54-9A1E7A4F7556}") = "CloudStreamForms", "CloudStreamForms\CloudStreamForms\CloudStreamForms.csproj", "{EF1EE33F-5F5B-43C9-8130-27137E4C4223}"
EndProject
Global
	GlobalSection(SolutionConfigurationPlatforms) = preSolution
		Debug|Any CPU = Debug|Any CPU
		Debug|ARM = Debug|ARM
		Debug|iPhone = Debug|iPhone
		Debug|iPhoneSimulator = Debug|iPhoneSimulator
		Debug|x64 = Debug|x64
		Debug|x86 = Debug|x86
		Release|Any CPU = Release|Any CPU
		Release|ARM = Release|ARM
		Release|iPhone = Release|iPhone
		Release|iPhoneSimulator = Release|iPhoneSimulator
		Release|x64 = Release|x64
		Release|x86 = Release|x86
	EndGlobalSection
	GlobalSection(ProjectConfigurationPlatforms) = postSolution
		{3EE6A459-4861-4BD2-8BD7-406D1B8A1556}.Debug|Any CPU.ActiveCfg = Debug|x86
		{3EE6A459-4861-4BD2-8BD7-406D1B8A1556}.Debug|Any CPU.Build.0 = Debug|x86
		{3EE6A459-4861-4BD2-8BD7-406D1B8A1556}.Debug|Any CPU.Deploy.0 = Debug|x86
		{3EE6A459-4861-4BD2-8BD7-406D1B8A1556}.Debug|ARM.ActiveCfg = Debug|ARM
		{3EE6A459-4861-4BD2-8BD7-406D1B8A1556}.Debug|ARM.Build.0 = Debug|ARM
		{3EE6A459-4861-4BD2-8BD7-406D1B8A1556}.Debug|ARM.Deploy.0 = Debug|ARM
		{3EE6A459-4861-4BD2-8BD7-406D1B8A1556}.Debug|iPhone.ActiveCfg = Debug|x86
		{3EE6A459-4861-4BD2-8BD7-406D1B8A1556}.Debug|iPhone.Build.0 = Debug|x86
		{3EE6A459-4861-4BD2-8BD7-406D1B8A1556}.Debug|iPhone.Deploy.0 = Debug|x86
		{3EE6A459-4861-4BD2-8BD7-406D1B8A1556}.Debug|iPhoneSimulator.ActiveCfg = Debug|x86
		{3EE6A459-4861-4BD2-8BD7-406D1B8A1556}.Debug|iPhoneSimulator.Build.0 = Debug|x86
		{3EE6A459-4861-4BD2-8BD7-406D1B8A1556}.Debug|iPhoneSimulator.Deploy.0 = Debug|x86
		{3EE6A459-4861-4BD2-8BD7-406D1B8A1556}.Debug|x64.ActiveCfg = Debug|x64
		{3EE6A459-4861-4BD2-8BD7-406D1B8A1556}.Debug|x64.Build.0 = Debug|x64
		{3EE6A459-4861-4BD2-8BD7-406D1B8A1556}.Debug|x64.Deploy.0 = Debug|x64
		{3EE6A459-4861-4BD2-8BD7-406D1B8A1556}.Debug|x86.ActiveCfg = Debug|x86
		{3EE6A459-4861-4BD2-8BD7-406D1B8A1556}.Debug|x86.Build.0 = Debug|x86
		{3EE6A459-4861-4BD2-8BD7-406D1B8A1556}.Debug|x86.Deploy.0 = Debug|x86
		{3EE6A459-4861-4BD2-8BD7-406D1B8A1556}.Release|Any CPU.ActiveCfg = Release|x86
		{3EE6A459-4861-4BD2-8BD7-406D1B8A1556}.Release|Any CPU.Build.0 = Release|x86
		{3EE6A459-4861-4BD2-8BD7-406D1B8A1556}.Release|Any CPU.Deploy.0 = Release|x86
		{3EE6A459-4861-4BD2-8BD7-406D1B8A1556}.Release|ARM.ActiveCfg = Release|ARM
		{3EE6A459-4861-4BD2-8BD7-406D1B8A1556}.Release|ARM.Build.0 = Release|ARM
		{3EE6A459-4861-4BD2-8BD7-406D1B8A1556}.Release|ARM.Deploy.0 = Release|ARM
		{3EE6A459-4861-4BD2-8BD7-406D1B8A1556}.Release|iPhone.ActiveCfg = Release|x86
		{3EE6A459-4861-4BD2-8BD7-406D1B8A1556}.Release|iPhone.Build.0 = Release|x86
		{3EE6A459-4861-4BD2-8BD7-406D1B8A1556}.Release|iPhone.Deploy.0 = Release|x86
		{3EE6A459-4861-4BD2-8BD7-406D1B8A1556}.Release|iPhoneSimulator.ActiveCfg = Release|x86
		{3EE6A459-4861-4BD2-8BD7-406D1B8A1556}.Release|iPhoneSimulator.Build.0 = Release|x86
		{3EE6A459-4861-4BD2-8BD7-406D1B8A1556}.Release|iPhoneSimulator.Deploy.0 = Release|x86
		{3EE6A459-4861-4BD2-8BD7-406D1B8A1556}.Release|x64.ActiveCfg = Release|x64
		{3EE6A459-4861-4BD2-8BD7-406D1B8A1556}.Release|x64.Build.0 = Release|x64
		{3EE6A459-4861-4BD2-8BD7-406D1B8A1556}.Release|x64.Deploy.0 = Release|x64
		{3EE6A459-4861-4BD2-8BD7-406D1B8A1556}.Release|x86.ActiveCfg = Release|x86
		{3EE6A459-4861-4BD2-8BD7-406D1B8A1556}.Release|x86.Build.0 = Release|x86
		{3EE6A459-4861-4BD2-8BD7-406D1B8A1556}.Release|x86.Deploy.0 = Release|x86
		{55AA8F8E-69F0-4C09-AE12-08CC456F116B}.Debug|Any CPU.ActiveCfg = Debug|Any CPU
		{55AA8F8E-69F0-4C09-AE12-08CC456F116B}.Debug|Any CPU.Build.0 = Debug|Any CPU
		{55AA8F8E-69F0-4C09-AE12-08CC456F116B}.Debug|Any CPU.Deploy.0 = Debug|Any CPU
		{55AA8F8E-69F0-4C09-AE12-08CC456F116B}.Debug|ARM.ActiveCfg = Debug|Any CPU
		{55AA8F8E-69F0-4C09-AE12-08CC456F116B}.Debug|ARM.Build.0 = Debug|Any CPU
		{55AA8F8E-69F0-4C09-AE12-08CC456F116B}.Debug|ARM.Deploy.0 = Debug|Any CPU
		{55AA8F8E-69F0-4C09-AE12-08CC456F116B}.Debug|iPhone.ActiveCfg = Debug|Any CPU
		{55AA8F8E-69F0-4C09-AE12-08CC456F116B}.Debug|iPhone.Build.0 = Debug|Any CPU
		{55AA8F8E-69F0-4C09-AE12-08CC456F116B}.Debug|iPhone.Deploy.0 = Debug|Any CPU
		{55AA8F8E-69F0-4C09-AE12-08CC456F116B}.Debug|iPhoneSimulator.ActiveCfg = Debug|Any CPU
		{55AA8F8E-69F0-4C09-AE12-08CC456F116B}.Debug|iPhoneSimulator.Build.0 = Debug|Any CPU
		{55AA8F8E-69F0-4C09-AE12-08CC456F116B}.Debug|iPhoneSimulator.Deploy.0 = Debug|Any CPU
		{55AA8F8E-69F0-4C09-AE12-08CC456F116B}.Debug|x64.ActiveCfg = Debug|Any CPU
		{55AA8F8E-69F0-4C09-AE12-08CC456F116B}.Debug|x64.Build.0 = Debug|Any CPU
		{55AA8F8E-69F0-4C09-AE12-08CC456F116B}.Debug|x64.Deploy.0 = Debug|Any CPU
		{55AA8F8E-69F0-4C09-AE12-08CC456F116B}.Debug|x86.ActiveCfg = Debug|Any CPU
		{55AA8F8E-69F0-4C09-AE12-08CC456F116B}.Debug|x86.Build.0 = Debug|Any CPU
		{55AA8F8E-69F0-4C09-AE12-08CC456F116B}.Debug|x86.Deploy.0 = Debug|Any CPU
		{55AA8F8E-69F0-4C09-AE12-08CC456F116B}.Release|Any CPU.ActiveCfg = Release|Any CPU
		{55AA8F8E-69F0-4C09-AE12-08CC456F116B}.Release|Any CPU.Build.0 = Release|Any CPU
		{55AA8F8E-69F0-4C09-AE12-08CC456F116B}.Release|Any CPU.Deploy.0 = Release|Any CPU
		{55AA8F8E-69F0-4C09-AE12-08CC456F116B}.Release|ARM.ActiveCfg = Release|Any CPU
		{55AA8F8E-69F0-4C09-AE12-08CC456F116B}.Release|ARM.Build.0 = Release|Any CPU
		{55AA8F8E-69F0-4C09-AE12-08CC456F116B}.Release|ARM.Deploy.0 = Release|Any CPU
		{55AA8F8E-69F0-4C09-AE12-08CC456F116B}.Release|iPhone.ActiveCfg = Release|Any CPU
		{55AA8F8E-69F0-4C09-AE12-08CC456F116B}.Release|iPhone.Build.0 = Release|Any CPU
		{55AA8F8E-69F0-4C09-AE12-08CC456F116B}.Release|iPhone.Deploy.0 = Release|Any CPU
		{55AA8F8E-69F0-4C09-AE12-08CC456F116B}.Release|iPhoneSimulator.ActiveCfg = Release|Any CPU
		{55AA8F8E-69F0-4C09-AE12-08CC456F116B}.Release|iPhoneSimulator.Build.0 = Release|Any CPU
		{55AA8F8E-69F0-4C09-AE12-08CC456F116B}.Release|iPhoneSimulator.Deploy.0 = Release|Any CPU
		{55AA8F8E-69F0-4C09-AE12-08CC456F116B}.Release|x64.ActiveCfg = Release|Any CPU
		{55AA8F8E-69F0-4C09-AE12-08CC456F116B}.Release|x64.Build.0 = Release|Any CPU
		{55AA8F8E-69F0-4C09-AE12-08CC456F116B}.Release|x64.Deploy.0 = Release|Any CPU
		{55AA8F8E-69F0-4C09-AE12-08CC456F116B}.Release|x86.ActiveCfg = Release|Any CPU
		{55AA8F8E-69F0-4C09-AE12-08CC456F116B}.Release|x86.Build.0 = Release|Any CPU
		{55AA8F8E-69F0-4C09-AE12-08CC456F116B}.Release|x86.Deploy.0 = Release|Any CPU
		{3BE89311-423C-44B9-84E4-4479679EAE67}.Debug|Any CPU.ActiveCfg = Debug|iPhone
		{3BE89311-423C-44B9-84E4-4479679EAE67}.Debug|Any CPU.Build.0 = Debug|iPhone
		{3BE89311-423C-44B9-84E4-4479679EAE67}.Debug|Any CPU.Deploy.0 = Debug|iPhone
		{3BE89311-423C-44B9-84E4-4479679EAE67}.Debug|ARM.ActiveCfg = Debug|iPhoneSimulator
		{3BE89311-423C-44B9-84E4-4479679EAE67}.Debug|ARM.Build.0 = Debug|iPhoneSimulator
		{3BE89311-423C-44B9-84E4-4479679EAE67}.Debug|ARM.Deploy.0 = Debug|iPhoneSimulator
		{3BE89311-423C-44B9-84E4-4479679EAE67}.Debug|iPhone.ActiveCfg = Debug|iPhone
		{3BE89311-423C-44B9-84E4-4479679EAE67}.Debug|iPhone.Build.0 = Debug|iPhone
		{3BE89311-423C-44B9-84E4-4479679EAE67}.Debug|iPhone.Deploy.0 = Debug|iPhone
		{3BE89311-423C-44B9-84E4-4479679EAE67}.Debug|iPhoneSimulator.ActiveCfg = Debug|iPhoneSimulator
		{3BE89311-423C-44B9-84E4-4479679EAE67}.Debug|iPhoneSimulator.Build.0 = Debug|iPhoneSimulator
		{3BE89311-423C-44B9-84E4-4479679EAE67}.Debug|iPhoneSimulator.Deploy.0 = Debug|iPhoneSimulator
		{3BE89311-423C-44B9-84E4-4479679EAE67}.Debug|x64.ActiveCfg = Debug|iPhone
		{3BE89311-423C-44B9-84E4-4479679EAE67}.Debug|x64.Build.0 = Debug|iPhone
		{3BE89311-423C-44B9-84E4-4479679EAE67}.Debug|x64.Deploy.0 = Debug|iPhone
		{3BE89311-423C-44B9-84E4-4479679EAE67}.Debug|x86.ActiveCfg = Debug|iPhone
		{3BE89311-423C-44B9-84E4-4479679EAE67}.Debug|x86.Build.0 = Debug|iPhone
		{3BE89311-423C-44B9-84E4-4479679EAE67}.Debug|x86.Deploy.0 = Debug|iPhone
		{3BE89311-423C-44B9-84E4-4479679EAE67}.Release|Any CPU.ActiveCfg = Release|iPhone
		{3BE89311-423C-44B9-84E4-4479679EAE67}.Release|Any CPU.Build.0 = Release|iPhone
		{3BE89311-423C-44B9-84E4-4479679EAE67}.Release|Any CPU.Deploy.0 = Release|iPhone
		{3BE89311-423C-44B9-84E4-4479679EAE67}.Release|ARM.ActiveCfg = Release|iPhone
		{3BE89311-423C-44B9-84E4-4479679EAE67}.Release|ARM.Build.0 = Release|iPhone
		{3BE89311-423C-44B9-84E4-4479679EAE67}.Release|ARM.Deploy.0 = Release|iPhone
		{3BE89311-423C-44B9-84E4-4479679EAE67}.Release|iPhone.ActiveCfg = Release|iPhone
		{3BE89311-423C-44B9-84E4-4479679EAE67}.Release|iPhone.Build.0 = Release|iPhone
		{3BE89311-423C-44B9-84E4-4479679EAE67}.Release|iPhone.Deploy.0 = Release|iPhone
		{3BE89311-423C-44B9-84E4-4479679EAE67}.Release|iPhoneSimulator.ActiveCfg = Release|iPhoneSimulator
		{3BE89311-423C-44B9-84E4-4479679EAE67}.Release|iPhoneSimulator.Build.0 = Release|iPhoneSimulator
		{3BE89311-423C-44B9-84E4-4479679EAE67}.Release|iPhoneSimulator.Deploy.0 = Release|iPhoneSimulator
		{3BE89311-423C-44B9-84E4-4479679EAE67}.Release|x64.ActiveCfg = Release|iPhone
		{3BE89311-423C-44B9-84E4-4479679EAE67}.Release|x64.Build.0 = Release|iPhone
		{3BE89311-423C-44B9-84E4-4479679EAE67}.Release|x64.Deploy.0 = Release|iPhone
		{3BE89311-423C-44B9-84E4-4479679EAE67}.Release|x86.ActiveCfg = Release|iPhone
		{3BE89311-423C-44B9-84E4-4479679EAE67}.Release|x86.Build.0 = Release|iPhone
		{3BE89311-423C-44B9-84E4-4479679EAE67}.Release|x86.Deploy.0 = Release|iPhone
		{EF1EE33F-5F5B-43C9-8130-27137E4C4223}.Debug|Any CPU.ActiveCfg = Debug|Any CPU
		{EF1EE33F-5F5B-43C9-8130-27137E4C4223}.Debug|Any CPU.Build.0 = Debug|Any CPU
		{EF1EE33F-5F5B-43C9-8130-27137E4C4223}.Debug|Any CPU.Deploy.0 = Debug|Any CPU
		{EF1EE33F-5F5B-43C9-8130-27137E4C4223}.Debug|ARM.ActiveCfg = Debug|Any CPU
		{EF1EE33F-5F5B-43C9-8130-27137E4C4223}.Debug|ARM.Build.0 = Debug|Any CPU
		{EF1EE33F-5F5B-43C9-8130-27137E4C4223}.Debug|ARM.Deploy.0 = Debug|Any CPU
		{EF1EE33F-5F5B-43C9-8130-27137E4C4223}.Debug|iPhone.ActiveCfg = Debug|Any CPU
		{EF1EE33F-5F5B-43C9-8130-27137E4C4223}.Debug|iPhone.Build.0 = Debug|Any CPU
		{EF1EE33F-5F5B-43C9-8130-27137E4C4223}.Debug|iPhone.Deploy.0 = Debug|Any CPU
		{EF1EE33F-5F5B-43C9-8130-27137E4C4223}.Debug|iPhoneSimulator.ActiveCfg = Debug|Any CPU
		{EF1EE33F-5F5B-43C9-8130-27137E4C4223}.Debug|iPhoneSimulator.Build.0 = Debug|Any CPU
		{EF1EE33F-5F5B-43C9-8130-27137E4C4223}.Debug|iPhoneSimulator.Deploy.0 = Debug|Any CPU
		{EF1EE33F-5F5B-43C9-8130-27137E4C4223}.Debug|x64.ActiveCfg = Debug|Any CPU
		{EF1EE33F-5F5B-43C9-8130-27137E4C4223}.Debug|x64.Build.0 = Debug|Any CPU
		{EF1EE33F-5F5B-43C9-8130-27137E4C4223}.Debug|x64.Deploy.0 = Debug|Any CPU
		{EF1EE33F-5F5B-43C9-8130-27137E4C4223}.Debug|x86.ActiveCfg = Debug|Any CPU
		{EF1EE33F-5F5B-43C9-8130-27137E4C4223}.Debug|x86.Build.0 = Debug|Any CPU
		{EF1EE33F-5F5B-43C9-8130-27137E4C4223}.Debug|x86.Deploy.0 = Debug|Any CPU
		{EF1EE33F-5F5B-43C9-8130-27137E4C4223}.Release|Any CPU.ActiveCfg = Release|Any CPU
		{EF1EE33F-5F5B-43C9-8130-27137E4C4223}.Release|Any CPU.Build.0 = Release|Any CPU
		{EF1EE33F-5F5B-43C9-8130-27137E4C4223}.Release|Any CPU.Deploy.0 = Release|Any CPU
		{EF1EE33F-5F5B-43C9-8130-27137E4C4223}.Release|ARM.ActiveCfg = Release|Any CPU
		{EF1EE33F-5F5B-43C9-8130-27137E4C4223}.Release|ARM.Build.0 = Release|Any CPU
		{EF1EE33F-5F5B-43C9-8130-27137E4C4223}.Release|ARM.Deploy.0 = Release|Any CPU
		{EF1EE33F-5F5B-43C9-8130-27137E4C4223}.Release|iPhone.ActiveCfg = Release|Any CPU
		{EF1EE33F-5F5B-43C9-8130-27137E4C4223}.Release|iPhone.Build.0 = Release|Any CPU
		{EF1EE33F-5F5B-43C9-8130-27137E4C4223}.Release|iPhone.Deploy.0 = Release|Any CPU
		{EF1EE33F-5F5B-43C9-8130-27137E4C4223}.Release|iPhoneSimulator.ActiveCfg = Release|Any CPU
		{EF1EE33F-5F5B-43C9-8130-27137E4C4223}.Release|iPhoneSimulator.Build.0 = Release|Any CPU
		{EF1EE33F-5F5B-43C9-8130-27137E4C4223}.Release|iPhoneSimulator.Deploy.0 = Release|Any CPU
		{EF1EE33F-5F5B-43C9-8130-27137E4C4223}.Release|x64.ActiveCfg = Release|Any CPU
		{EF1EE33F-5F5B-43C9-8130-27137E4C4223}.Release|x64.Build.0 = Release|Any CPU
		{EF1EE33F-5F5B-43C9-8130-27137E4C4223}.Release|x64.Deploy.0 = Release|Any CPU
		{EF1EE33F-5F5B-43C9-8130-27137E4C4223}.Release|x86.ActiveCfg = Release|Any CPU
		{EF1EE33F-5F5B-43C9-8130-27137E4C4223}.Release|x86.Build.0 = Release|Any CPU
		{EF1EE33F-5F5B-43C9-8130-27137E4C4223}.Release|x86.Deploy.0 = Release|Any CPU
	EndGlobalSection
	GlobalSection(SolutionProperties) = preSolution
		HideSolutionNode = FALSE
	EndGlobalSection
	GlobalSection(ExtensibilityGlobals) = postSolution
		SolutionGuid = {00FAF59E-AC54-430A-A5AB-B7FC4CE7CB15}
	EndGlobalSection
EndGlobal
